{
  "pins" : [
    {
      "identity" : "razorpay-pod",
      "kind" : "remoteSourceControl",
      "location" : "https://github.com/razorpay/razorpay-pod.git",
      "state" : {
        "revision" : "a7ee6d9db75d629376a2ea0d5c19cfedf8bed95d",
        "version" : "1.5.8"
      }
    }
  ],
  "version" : 2
}
